// !$*UTF8*$!
{
	archiveVersion = 1;
	classes = {
	};
	objectVersion = 50;
	objects = {

/* Begin PBXBuildFile section */
		CB64888E20C681110044B929 /* AppDelegate.m in Sources */ = {isa = PBXBuildFile; fileRef = CB64888D20C681110044B929 /* AppDelegate.m */; };
		CB64889120C681120044B929 /* ViewController.m in Sources */ = {isa = PBXBuildFile; fileRef = CB64889020C681120044B929 /* ViewController.m */; };
		CB64889420C681120044B929 /* Main.storyboard in Resources */ = {isa = PBXBuildFile; fileRef = CB64889220C681120044B929 /* Main.storyboard */; };
		CB64889620C681150044B929 /* Assets.xcassets in Resources */ = {isa = PBXBuildFile; fileRef = CB64889520C681150044B929 /* Assets.xcassets */; };
		CB64889920C681150044B929 /* LaunchScreen.storyboard in Resources */ = {isa = PBXBuildFile; fileRef = CB64889720C681150044B929 /* LaunchScreen.storyboard */; };
		CB64889C20C681150044B929 /* main.m in Sources */ = {isa = PBXBuildFile; fileRef = CB64889B20C681150044B929 /* main.m */; };
		CB6488A620C681150044B929 /* ImageCombine_demoTests.m in Sources */ = {isa = PBXBuildFile; fileRef = CB6488A520C681150044B929 /* ImageCombine_demoTests.m */; };
		CB6488B120C681150044B929 /* ImageCombine_demoUITests.m in Sources */ = {isa = PBXBuildFile; fileRef = CB6488B020C681150044B929 /* ImageCombine_demoUITests.m */; };
		CB6488C320C692630044B929 /* code.jpeg in Resources */ = {isa = PBXBuildFile; fileRef = CB6488C220C692620044B929 /* code.jpeg */; };
		CB6488C520C692990044B929 /* fashion.jpg in Resources */ = {isa = PBXBuildFile; fileRef = CB6488C420C692980044B929 /* fashion.jpg */; };
		CB6488C820C699F10044B929 /* MMCodeMaker.m in Sources */ = {isa = PBXBuildFile; fileRef = CB6488C620C699F10044B929 /* MMCodeMaker.m */; };
		CB6488CA20C69B2C0044B929 /* logo.jpg in Resources */ = {isa = PBXBuildFile; fileRef = CB6488C920C69B2C0044B929 /* logo.jpg */; };
		CB6488CC20C69C2E0044B929 /* navigationBar@2x.png in Resources */ = {isa = PBXBuildFile; fileRef = CB6488CB20C69C2E0044B929 /* navigationBar@2x.png */; };
/* End PBXBuildFile section */

/* Begin PBXContainerItemProxy section */
		CB6488A220C681150044B929 /* PBXContainerItemProxy */ = {
			isa = PBXContainerItemProxy;
			containerPortal = CB64888120C681110044B929 /* Project object */;
			proxyType = 1;
			remoteGlobalIDString = CB64888820C681110044B929;
			remoteInfo = ImageCombine_demo;
		};
		CB6488AD20C681150044B929 /* PBXContainerItemProxy */ = {
			isa = PBXContainerItemProxy;
			containerPortal = CB64888120C681110044B929 /* Project object */;
			proxyType = 1;
			remoteGlobalIDString = CB64888820C681110044B929;
			remoteInfo = ImageCombine_demo;
		};
/* End PBXContainerItemProxy section */

/* Begin PBXFileReference section */
		CB64888920C681110044B929 /* ImageCombine_demo.app */ = {isa = PBXFileReference; explicitFileType = wrapper.application; includeInIndex = 0; path = ImageCombine_demo.app; sourceTree = BUILT_PRODUCTS_DIR; };
		CB64888C20C681110044B929 /* AppDelegate.h */ = {isa = PBXFileReference; lastKnownFileType = sourcecode.c.h; path = AppDelegate.h; sourceTree = "<group>"; };
		CB64888D20C681110044B929 /* AppDelegate.m */ = {isa = PBXFileReference; lastKnownFileType = sourcecode.c.objc; path = AppDelegate.m; sourceTree = "<group>"; };
		CB64888F20C681120044B929 /* ViewController.h */ = {isa = PBXFileReference; lastKnownFileType = sourcecode.c.h; path = ViewController.h; sourceTree = "<group>"; };
		CB64889020C681120044B929 /* ViewController.m */ = {isa = PBXFileReference; lastKnownFileType = sourcecode.c.objc; path = ViewController.m; sourceTree = "<group>"; };
		CB64889320C681120044B929 /* Base */ = {isa = PBXFileReference; lastKnownFileType = file.storyboard; name = Base; path = Base.lproj/Main.storyboard; sourceTree = "<group>"; };
		CB64889520C681150044B929 /* Assets.xcassets */ = {isa = PBXFileReference; lastKnownFileType = folder.assetcatalog; path = Assets.xcassets; sourceTree = "<group>"; };
		CB64889820C681150044B929 /* Base */ = {isa = PBXFileReference; lastKnownFileType = file.storyboard; name = Base; path = Base.lproj/LaunchScreen.storyboard; sourceTree = "<group>"; };
		CB64889A20C681150044B929 /* Info.plist */ = {isa = PBXFileReference; lastKnownFileType = text.plist.xml; path = Info.plist; sourceTree = "<group>"; };
		CB64889B20C681150044B929 /* main.m */ = {isa = PBXFileReference; lastKnownFileType = sourcecode.c.objc; path = main.m; sourceTree = "<group>"; };
		CB6488A120C681150044B929 /* ImageCombine_demoTests.xctest */ = {isa = PBXFileReference; explicitFileType = wrapper.cfbundle; includeInIndex = 0; path = ImageCombine_demoTests.xctest; sourceTree = BUILT_PRODUCTS_DIR; };
		CB6488A520C681150044B929 /* ImageCombine_demoTests.m */ = {isa = PBXFileReference; lastKnownFileType = sourcecode.c.objc; path = ImageCombine_demoTests.m; sourceTree = "<group>"; };
		CB6488A720C681150044B929 /* Info.plist */ = {isa = PBXFileReference; lastKnownFileType = text.plist.xml; path = Info.plist; sourceTree = "<group>"; };
		CB6488AC20C681150044B929 /* ImageCombine_demoUITests.xctest */ = {isa = PBXFileReference; explicitFileType = wrapper.cfbundle; includeInIndex = 0; path = ImageCombine_demoUITests.xctest; sourceTree = BUILT_PRODUCTS_DIR; };
		CB6488B020C681150044B929 /* ImageCombine_demoUITests.m */ = {isa = PBXFileReference; lastKnownFileType = sourcecode.c.objc; path = ImageCombine_demoUITests.m; sourceTree = "<group>"; };
		CB6488B220C681150044B929 /* Info.plist */ = {isa = PBXFileReference; lastKnownFileType = text.plist.xml; path = Info.plist; sourceTree = "<group>"; };
		CB6488C220C692620044B929 /* code.jpeg */ = {isa = PBXFileReference; lastKnownFileType = image.jpeg; path = code.jpeg; sourceTree = "<group>"; };
		CB6488C420C692980044B929 /* fashion.jpg */ = {isa = PBXFileReference; lastKnownFileType = image.jpeg; path = fashion.jpg; sourceTree = "<group>"; };
		CB6488C620C699F10044B929 /* MMCodeMaker.m */ = {isa = PBXFileReference; fileEncoding = 4; lastKnownFileType = sourcecode.c.objc; path = MMCodeMaker.m; sourceTree = "<group>"; };
		CB6488C720C699F10044B929 /* MMCodeMaker.h */ = {isa = PBXFileReference; fileEncoding = 4; lastKnownFileType = sourcecode.c.h; path = MMCodeMaker.h; sourceTree = "<group>"; };
		CB6488C920C69B2C0044B929 /* logo.jpg */ = {isa = PBXFileReference; lastKnownFileType = image.jpeg; path = logo.jpg; sourceTree = "<group>"; };
		CB6488CB20C69C2E0044B929 /* navigationBar@2x.png */ = {isa = PBXFileReference; lastKnownFileType = image.png; path = "navigationBar@2x.png"; sourceTree = "<group>"; };
/* End PBXFileReference section */

/* Begin PBXFrameworksBuildPhase section */
		CB64888620C681110044B929 /* Frameworks */ = {
			isa = PBXFrameworksBuildPhase;
			buildActionMask = 2147483647;
			files = (
			);
			runOnlyForDeploymentPostprocessing = 0;
		};
		CB64889E20C681150044B929 /* Frameworks */ = {
			isa = PBXFrameworksBuildPhase;
			buildActionMask = 2147483647;
			files = (
			);
			runOnlyForDeploymentPostprocessing = 0;
		};
		CB6488A920C681150044B929 /* Frameworks */ = {
			isa = PBXFrameworksBuildPhase;
			buildActionMask = 2147483647;
			files = (
			);
			runOnlyForDeploymentPostprocessing = 0;
		};
/* End PBXFrameworksBuildPhase section */

/* Begin PBXGroup section */
		CB64888020C681110044B929 = {
			isa = PBXGroup;
			children = (
				CB64888B20C681110044B929 /* ImageCombine_demo */,
				CB6488A420C681150044B929 /* ImageCombine_demoTests */,
				CB6488AF20C681150044B929 /* ImageCombine_demoUITests */,
				CB64888A20C681110044B929 /* Products */,
			);
			sourceTree = "<group>";
		};
		CB64888A20C681110044B929 /* Products */ = {
			isa = PBXGroup;
			children = (
				CB64888920C681110044B929 /* ImageCombine_demo.app */,
				CB6488A120C681150044B929 /* ImageCombine_demoTests.xctest */,
				CB6488AC20C681150044B929 /* ImageCombine_demoUITests.xctest */,
			);
			name = Products;
			sourceTree = "<group>";
		};
		CB64888B20C681110044B929 /* ImageCombine_demo */ = {
			isa = PBXGroup;
			children = (
				CB6488CB20C69C2E0044B929 /* navigationBar@2x.png */,
				CB6488C920C69B2C0044B929 /* logo.jpg */,
				CB6488C720C699F10044B929 /* MMCodeMaker.h */,
				CB6488C620C699F10044B929 /* MMCodeMaker.m */,
				CB6488C420C692980044B929 /* fashion.jpg */,
				CB6488C220C692620044B929 /* code.jpeg */,
				CB64888C20C681110044B929 /* AppDelegate.h */,
				CB64888D20C681110044B929 /* AppDelegate.m */,
				CB64888F20C681120044B929 /* ViewController.h */,
				CB64889020C681120044B929 /* ViewController.m */,
				CB64889220C681120044B929 /* Main.storyboard */,
				CB64889520C681150044B929 /* Assets.xcassets */,
				CB64889720C681150044B929 /* LaunchScreen.storyboard */,
				CB64889A20C681150044B929 /* Info.plist */,
				CB64889B20C681150044B929 /* main.m */,
			);
			path = ImageCombine_demo;
			sourceTree = "<group>";
		};
		CB6488A420C681150044B929 /* ImageCombine_demoTests */ = {
			isa = PBXGroup;
			children = (
				CB6488A520C681150044B929 /* ImageCombine_demoTests.m */,
				CB6488A720C681150044B929 /* Info.plist */,
			);
			path = ImageCombine_demoTests;
			sourceTree = "<group>";
		};
		CB6488AF20C681150044B929 /* ImageCombine_demoUITests */ = {
			isa = PBXGroup;
			children = (
				CB6488B020C681150044B929 /* ImageCombine_demoUITests.m */,
				CB6488B220C681150044B929 /* Info.plist */,
			);
			path = ImageCombine_demoUITests;
			sourceTree = "<group>";
		};
/* End PBXGroup section */

/* Begin PBXNativeTarget section */
		CB64888820C681110044B929 /* ImageCombine_demo */ = {
			isa = PBXNativeTarget;
			buildConfigurationList = CB6488B520C681150044B929 /* Build configuration list for PBXNativeTarget "ImageCombine_demo" */;
			buildPhases = (
				CB64888520C681110044B929 /* Sources */,
				CB64888620C681110044B929 /* Frameworks */,
				CB64888720C681110044B929 /* Resources */,
			);
			buildRules = (
			);
			dependencies = (
			);
			name = ImageCombine_demo;
			productName = ImageCombine_demo;
			productReference = CB64888920C681110044B929 /* ImageCombine_demo.app */;
			productType = "com.apple.product-type.application";
		};
		CB6488A020C681150044B929 /* ImageCombine_demoTests */ = {
			isa = PBXNativeTarget;
			buildConfigurationList = CB6488B820C681150044B929 /* Build configuration list for PBXNativeTarget "ImageCombine_demoTests" */;
			buildPhases = (
				CB64889D20C681150044B929 /* Sources */,
				CB64889E20C681150044B929 /* Frameworks */,
				CB64889F20C681150044B929 /* Resources */,
			);
			buildRules = (
			);
			dependencies = (
				CB6488A320C681150044B929 /* PBXTargetDependency */,
			);
			name = ImageCombine_demoTests;
			productName = ImageCombine_demoTests;
			productReference = CB6488A120C681150044B929 /* ImageCombine_demoTests.xctest */;
			productType = "com.apple.product-type.bundle.unit-test";
		};
		CB6488AB20C681150044B929 /* ImageCombine_demoUITests */ = {
			isa = PBXNativeTarget;
			buildConfigurationList = CB6488BB20C681150044B929 /* Build configuration list for PBXNativeTarget "ImageCombine_demoUITests" */;
			buildPhases = (
				CB6488A820C681150044B929 /* Sources */,
				CB6488A920C681150044B929 /* Frameworks */,
				CB6488AA20C681150044B929 /* Resources */,
			);
			buildRules = (
			);
			dependencies = (
				CB6488AE20C681150044B929 /* PBXTargetDependency */,
			);
			name = ImageCombine_demoUITests;
			productName = ImageCombine_demoUITests;
			productReference = CB6488AC20C681150044B929 /* ImageCombine_demoUITests.xctest */;
			productType = "com.apple.product-type.bundle.ui-testing";
		};
/* End PBXNativeTarget section */

/* Begin PBXProject section */
		CB64888120C681110044B929 /* Project object */ = {
			isa = PBXProject;
			attributes = {
				LastUpgradeCheck = 1000;
				ORGANIZATIONNAME = Derek;
				TargetAttributes = {
					CB64888820C681110044B929 = {
						CreatedOnToolsVersion = 10.0;
					};
					CB6488A020C681150044B929 = {
						CreatedOnToolsVersion = 10.0;
						TestTargetID = CB64888820C681110044B929;
					};
					CB6488AB20C681150044B929 = {
						CreatedOnToolsVersion = 10.0;
						TestTargetID = CB64888820C681110044B929;
					};
				};
			};
			buildConfigurationList = CB64888420C681110044B929 /* Build configuration list for PBXProject "ImageCombine_demo" */;
			compatibilityVersion = "Xcode 9.3";
			developmentRegion = en;
			hasScannedForEncodings = 0;
			knownRegions = (
				en,
				Base,
			);
			mainGroup = CB64888020C681110044B929;
			productRefGroup = CB64888A20C681110044B929 /* Products */;
			projectDirPath = "";
			projectRoot = "";
			targets = (
				CB64888820C681110044B929 /* ImageCombine_demo */,
				CB6488A020C681150044B929 /* ImageCombine_demoTests */,
				CB6488AB20C681150044B929 /* ImageCombine_demoUITests */,
			);
		};
/* End PBXProject section */

/* Begin PBXResourcesBuildPhase section */
		CB64888720C681110044B929 /* Resources */ = {
			isa = PBXResourcesBuildPhase;
			buildActionMask = 2147483647;
			files = (
				CB6488C320C692630044B929 /* code.jpeg in Resources */,
				CB6488C520C692990044B929 /* fashion.jpg in Resources */,
				CB6488CC20C69C2E0044B929 /* navigationBar@2x.png in Resources */,
				CB64889920C681150044B929 /* LaunchScreen.storyboard in Resources */,
				CB64889620C681150044B929 /* Assets.xcassets in Resources */,
				CB6488CA20C69B2C0044B929 /* logo.jpg in Resources */,
				CB64889420C681120044B929 /* Main.storyboard in Resources */,
			);
			runOnlyForDeploymentPostprocessing = 0;
		};
		CB64889F20C681150044B929 /* Resources */ = {
			isa = PBXResourcesBuildPhase;
			buildActionMask = 2147483647;
			files = (
			);
			runOnlyForDeploymentPostprocessing = 0;
		};
		CB6488AA20C681150044B929 /* Resources */ = {
			isa = PBXResourcesBuildPhase;
			buildActionMask = 2147483647;
			files = (
			);
			runOnlyForDeploymentPostprocessing = 0;
		};
/* End PBXResourcesBuildPhase section */

/* Begin PBXSourcesBuildPhase section */
		CB64888520C681110044B929 /* Sources */ = {
			isa = PBXSourcesBuildPhase;
			buildActionMask = 2147483647;
			files = (
				CB64889120C681120044B929 /* ViewController.m in Sources */,
				CB6488C820C699F10044B929 /* MMCodeMaker.m in Sources */,
				CB64889C20C681150044B929 /* main.m in Sources */,
				CB64888E20C681110044B929 /* AppDelegate.m in Sources */,
			);
			runOnlyForDeploymentPostprocessing = 0;
		};
		CB64889D20C681150044B929 /* Sources */ = {
			isa = PBXSourcesBuildPhase;
			buildActionMask = 2147483647;
			files = (
				CB6488A620C681150044B929 /* ImageCombine_demoTests.m in Sources */,
			);
			runOnlyForDeploymentPostprocessing = 0;
		};
		CB6488A820C681150044B929 /* Sources */ = {
			isa = PBXSourcesBuildPhase;
			buildActionMask = 2147483647;
			files = (
				CB6488B120C681150044B929 /* ImageCombine_demoUITests.m in Sources */,
			);
			runOnlyForDeploymentPostprocessing = 0;
		};
/* End PBXSourcesBuildPhase section */

/* Begin PBXTargetDependency section */
		CB6488A320C681150044B929 /* PBXTargetDependency */ = {
			isa = PBXTargetDependency;
			target = CB64888820C681110044B929 /* ImageCombine_demo */;
			targetProxy = CB6488A220C681150044B929 /* PBXContainerItemProxy */;
		};
		CB6488AE20C681150044B929 /* PBXTargetDependency */ = {
			isa = PBXTargetDependency;
			target = CB64888820C681110044B929 /* ImageCombine_demo */;
			targetProxy = CB6488AD20C681150044B929 /* PBXContainerItemProxy */;
		};
/* End PBXTargetDependency section */

/* Begin PBXVariantGroup section */
		CB64889220C681120044B929 /* Main.storyboard */ = {
			isa = PBXVariantGroup;
			children = (
				CB64889320C681120044B929 /* Base */,
			);
			name = Main.storyboard;
			sourceTree = "<group>";
		};
		CB64889720C681150044B929 /* LaunchScreen.storyboard */ = {
			isa = PBXVariantGroup;
			children = (
				CB64889820C681150044B929 /* Base */,
			);
			name = LaunchScreen.storyboard;
			sourceTree = "<group>";
		};
/* End PBXVariantGroup section */

/* Begin XCBuildConfiguration section */
		CB6488B320C681150044B929 /* Debug */ = {
			isa = XCBuildConfiguration;
			buildSettings = {
				ALWAYS_SEARCH_USER_PATHS = NO;
				CLANG_ANALYZER_NONNULL = YES;
				CLANG_ANALYZER_NUMBER_OBJECT_CONVERSION = YES_AGGRESSIVE;
				CLANG_CXX_LANGUAGE_STANDARD = "gnu++14";
				CLANG_CXX_LIBRARY = "libc++";
				CLANG_ENABLE_MODULES = YES;
				CLANG_ENABLE_OBJC_ARC = YES;
				CLANG_ENABLE_OBJC_WEAK = YES;
				CLANG_WARN_BLOCK_CAPTURE_AUTORELEASING = YES;
				CLANG_WARN_BOOL_CONVERSION = YES;
				CLANG_WARN_COMMA = YES;
				CLANG_WARN_CONSTANT_CONVERSION = YES;
				CLANG_WARN_DEPRECATED_OBJC_IMPLEMENTATIONS = YES;
				CLANG_WARN_DIRECT_OBJC_ISA_USAGE = YES_ERROR;
				CLANG_WARN_DOCUMENTATION_COMMENTS = YES;
				CLANG_WARN_EMPTY_BODY = YES;
				CLANG_WARN_ENUM_CONVERSION = YES;
				CLANG_WARN_INFINITE_RECURSION = YES;
				CLANG_WARN_INT_CONVERSION = YES;
				CLANG_WARN_NON_LITERAL_NULL_CONVERSION = YES;
				CLANG_WARN_OBJC_IMPLICIT_RETAIN_SELF = YES;
				CLANG_WARN_OBJC_LITERAL_CONVERSION = YES;
				CLANG_WARN_OBJC_ROOT_CLASS = YES_ERROR;
				CLANG_WARN_RANGE_LOOP_ANALYSIS = YES;
				CLANG_WARN_STRICT_PROTOTYPES = YES;
				CLANG_WARN_SUSPICIOUS_MOVE = YES;
				CLANG_WARN_UNGUARDED_AVAILABILITY = YES_AGGRESSIVE;
				CLANG_WARN_UNREACHABLE_CODE = YES;
				CLANG_WARN__DUPLICATE_METHOD_MATCH = YES;
				CODE_SIGN_IDENTITY = "iPhone Developer";
				COPY_PHASE_STRIP = NO;
				DEBUG_INFORMATION_FORMAT = dwarf;
				ENABLE_STRICT_OBJC_MSGSEND = YES;
				ENABLE_TESTABILITY = YES;
				GCC_C_LANGUAGE_STANDARD = gnu11;
				GCC_DYNAMIC_NO_PIC = NO;
				GCC_NO_COMMON_BLOCKS = YES;
				GCC_OPTIMIZATION_LEVEL = 0;
				GCC_PREPROCESSOR_DEFINITIONS = (
					"DEBUG=1",
					"$(inherited)",
				);
				GCC_WARN_64_TO_32_BIT_CONVERSION = YES;
				GCC_WARN_ABOUT_RETURN_TYPE = YES_ERROR;
				GCC_WARN_UNDECLARED_SELECTOR = YES;
				GCC_WARN_UNINITIALIZED_AUTOS = YES_AGGRESSIVE;
				GCC_WARN_UNUSED_FUNCTION = YES;
				GCC_WARN_UNUSED_VARIABLE = YES;
				IPHONEOS_DEPLOYMENT_TARGET = 12.0;
				MTL_ENABLE_DEBUG_INFO = INCLUDE_SOURCE;
				ONLY_ACTIVE_ARCH = YES;
				SDKROOT = iphoneos;
			};
			name = Debug;
		};
		CB6488B420C681150044B929 /* Release */ = {
			isa = XCBuildConfiguration;
			buildSettings = {
				ALWAYS_SEARCH_USER_PATHS = NO;
				CLANG_ANALYZER_NONNULL = YES;
				CLANG_ANALYZER_NUMBER_OBJECT_CONVERSION = YES_AGGRESSIVE;
				CLANG_CXX_LANGUAGE_STANDARD = "gnu++14";
				CLANG_CXX_LIBRARY = "libc++";
				CLANG_ENABLE_MODULES = YES;
				CLANG_ENABLE_OBJC_ARC = YES;
				CLANG_ENABLE_OBJC_WEAK = YES;
				CLANG_WARN_BLOCK_CAPTURE_AUTORELEASING = YES;
				CLANG_WARN_BOOL_CONVERSION = YES;
				CLANG_WARN_COMMA = YES;
				CLANG_WARN_CONSTANT_CONVERSION = YES;
				CLANG_WARN_DEPRECATED_OBJC_IMPLEMENTATIONS = YES;
				CLANG_WARN_DIRECT_OBJC_ISA_USAGE = YES_ERROR;
				CLANG_WARN_DOCUMENTATION_COMMENTS = YES;
				CLANG_WARN_EMPTY_BODY = YES;
				CLANG_WARN_ENUM_CONVERSION = YES;
				CLANG_WARN_INFINITE_RECURSION = YES;
				CLANG_WARN_INT_CONVERSION = YES;
				CLANG_WARN_NON_LITERAL_NULL_CONVERSION = YES;
				CLANG_WARN_OBJC_IMPLICIT_RETAIN_SELF = YES;
				CLANG_WARN_OBJC_LITERAL_CONVERSION = YES;
				CLANG_WARN_OBJC_ROOT_CLASS = YES_ERROR;
				CLANG_WARN_RANGE_LOOP_ANALYSIS = YES;
				CLANG_WARN_STRICT_PROTOTYPES = YES;
				CLANG_WARN_SUSPICIOUS_MOVE = YES;
				CLANG_WARN_UNGUARDED_AVAILABILITY = YES_AGGRESSIVE;
				CLANG_WARN_UNREACHABLE_CODE = YES;
				CLANG_WARN__DUPLICATE_METHOD_MATCH = YES;
				CODE_SIGN_IDENTITY = "iPhone Developer";
				COPY_PHASE_STRIP = NO;
				DEBUG_INFORMATION_FORMAT = "dwarf-with-dsym";
				ENABLE_NS_ASSERTIONS = NO;
				ENABLE_STRICT_OBJC_MSGSEND = YES;
				GCC_C_LANGUAGE_STANDARD = gnu11;
				GCC_NO_COMMON_BLOCKS = YES;
				GCC_WARN_64_TO_32_BIT_CONVERSION = YES;
				GCC_WARN_ABOUT_RETURN_TYPE = YES_ERROR;
				GCC_WARN_UNDECLARED_SELECTOR = YES;
				GCC_WARN_UNINITIALIZED_AUTOS = YES_AGGRESSIVE;
				GCC_WARN_UNUSED_FUNCTION = YES;
				GCC_WARN_UNUSED_VARIABLE = YES;
				IPHONEOS_DEPLOYMENT_TARGET = 12.0;
				MTL_ENABLE_DEBUG_INFO = NO;
				SDKROOT = iphoneos;
				VALIDATE_PRODUCT = YES;
			};
			name = Release;
		};
		CB6488B620C681150044B929 /* Debug */ = {
			isa = XCBuildConfiguration;
			buildSettings = {
				ASSETCATALOG_COMPILER_APPICON_NAME = AppIcon;
				CODE_SIGN_STYLE = Automatic;
				DEVELOPMENT_TEAM = E2G89NQZCS;
				INFOPLIST_FILE = ImageCombine_demo/Info.plist;
				LD_RUNPATH_SEARCH_PATHS = (
					"$(inherited)",
					"@executable_path/Frameworks",
				);
				PRODUCT_BUNDLE_IDENTIFIER = "com.f.ImageCombine-demo";
				PRODUCT_NAME = "$(TARGET_NAME)";
				TARGETED_DEVICE_FAMILY = "1,2";
			};
			name = Debug;
		};
		CB6488B720C681150044B929 /* Release */ = {
			isa = XCBuildConfiguration;
			buildSettings = {
				ASSETCATALOG_COMPILER_APPICON_NAME = AppIcon;
				CODE_SIGN_STYLE = Automatic;
				DEVELOPMENT_TEAM = E2G89NQZCS;
				INFOPLIST_FILE = ImageCombine_demo/Info.plist;
				LD_RUNPATH_SEARCH_PATHS = (
					"$(inherited)",
					"@executable_path/Frameworks",
				);
				PRODUCT_BUNDLE_IDENTIFIER = "com.f.ImageCombine-demo";
				PRODUCT_NAME = "$(TARGET_NAME)";
				TARGETED_DEVICE_FAMILY = "1,2";
			};
			name = Release;
		};
		CB6488B920C681150044B929 /* Debug */ = {
			isa = XCBuildConfiguration;
			buildSettings = {
				BUNDLE_LOADER = "$(TEST_HOST)";
				CODE_SIGN_STYLE = Automatic;
				DEVELOPMENT_TEAM = AZWK98U2MN;
				INFOPLIST_FILE = ImageCombine_demoTests/Info.plist;
				LD_RUNPATH_SEARCH_PATHS = (
					"$(inherited)",
					"@executable_path/Frameworks",
					"@loader_path/Frameworks",
				);
				PRODUCT_BUNDLE_IDENTIFIER = "com.feibaichen.ImageCombine-demoTests";
				PRODUCT_NAME = "$(TARGET_NAME)";
				TARGETED_DEVICE_FAMILY = "1,2";
				TEST_HOST = "$(BUILT_PRODUCTS_DIR)/ImageCombine_demo.app/ImageCombine_demo";
			};
			name = Debug;
		};
		CB6488BA20C681150044B929 /* Release */ = {
			isa = XCBuildConfiguration;
			buildSettings = {
				BUNDLE_LOADER = "$(TEST_HOST)";
				CODE_SIGN_STYLE = Automatic;
				DEVELOPMENT_TEAM = AZWK98U2MN;
				INFOPLIST_FILE = ImageCombine_demoTests/Info.plist;
				LD_RUNPATH_SEARCH_PATHS = (
					"$(inherited)",
					"@executable_path/Frameworks",
					"@loader_path/Frameworks",
				);
				PRODUCT_BUNDLE_IDENTIFIER = "com.feibaichen.ImageCombine-demoTests";
				PRODUCT_NAME = "$(TARGET_NAME)";
				TARGETED_DEVICE_FAMILY = "1,2";
				TEST_HOST = "$(BUILT_PRODUCTS_DIR)/ImageCombine_demo.app/ImageCombine_demo";
			};
			name = Release;
		};
		CB6488BC20C681150044B929 /* Debug */ = {
			isa = XCBuildConfiguration;
			buildSettings = {
				CODE_SIGN_STYLE = Automatic;
				DEVELOPMENT_TEAM = AZWK98U2MN;
				INFOPLIST_FILE = ImageCombine_demoUITests/Info.plist;
				LD_RUNPATH_SEARCH_PATHS = (
					"$(inherited)",
					"@executable_path/Frameworks",
					"@loader_path/Frameworks",
				);
				PRODUCT_BUNDLE_IDENTIFIER = "com.feibaichen.ImageCombine-demoUITests";
				PRODUCT_NAME = "$(TARGET_NAME)";
				TARGETED_DEVICE_FAMILY = "1,2";
				TEST_TARGET_NAME = ImageCombine_demo;
			};
			name = Debug;
		};
		CB6488BD20C681150044B929 /* Release */ = {
			isa = XCBuildConfiguration;
			buildSettings = {
				CODE_SIGN_STYLE = Automatic;
				DEVELOPMENT_TEAM = AZWK98U2MN;
				INFOPLIST_FILE = ImageCombine_demoUITests/Info.plist;
				LD_RUNPATH_SEARCH_PATHS = (
					"$(inherited)",
					"@executable_path/Frameworks",
					"@loader_path/Frameworks",
				);
				PRODUCT_BUNDLE_IDENTIFIER = "com.feibaichen.ImageCombine-demoUITests";
				PRODUCT_NAME = "$(TARGET_NAME)";
				TARGETED_DEVICE_FAMILY = "1,2";
				TEST_TARGET_NAME = ImageCombine_demo;
			};
			name = Release;
		};
/* End XCBuildConfiguration section */

/* Begin XCConfigurationList section */
		CB64888420C681110044B929 /* Build configuration list for PBXProject "ImageCombine_demo" */ = {
			isa = XCConfigurationList;
			buildConfigurations = (
				CB6488B320C681150044B929 /* Debug */,
				CB6488B420C681150044B929 /* Release */,
			);
			defaultConfigurationIsVisible = 0;
			defaultConfigurationName = Release;
		};
		CB6488B520C681150044B929 /* Build configuration list for PBXNativeTarget "ImageCombine_demo" */ = {
			isa = XCConfigurationList;
			buildConfigurations = (
				CB6488B620C681150044B929 /* Debug */,
				CB6488B720C681150044B929 /* Release */,
			);
			defaultConfigurationIsVisible = 0;
			defaultConfigurationName = Release;
		};
		CB6488B820C681150044B929 /* Build configuration list for PBXNativeTarget "ImageCombine_demoTests" */ = {
			isa = XCConfigurationList;
			buildConfigurations = (
				CB6488B920C681150044B929 /* Debug */,
				CB6488BA20C681150044B929 /* Release */,
			);
			defaultConfigurationIsVisible = 0;
			defaultConfigurationName = Release;
		};
		CB6488BB20C681150044B929 /* Build configuration list for PBXNativeTarget "ImageCombine_demoUITests" */ = {
			isa = XCConfigurationList;
			buildConfigurations = (
				CB6488BC20C681150044B929 /* Debug */,
				CB6488BD20C681150044B929 /* Release */,
			);
			defaultConfigurationIsVisible = 0;
			defaultConfigurationName = Release;
		};
/* End XCConfigurationList section */
	};
	rootObject = CB64888120C681110044B929 /* Project object */;
}
